#
# This file is autogenerated by pip-compile with Python 3.12
# by the following command:
#
#    pip-compile --output-file=requirements.lock --strip-extras test_oss_requirements.txt
#
-e .
    # via
    #   bluerock-oss
-e ../python-oss
    # via
    #   -r test_oss_requirements.txt
    #   bluerock
annotated-types==0.7.0
    # via pydantic
bytecode==0.17.0
    # via bluerock
certifi==2026.2.25
    # via requests
charset-normalizer==3.4.7
    # via requests
idna==3.11
    # via requests
numpy==2.4.4
    # via bluerock
pydantic==2.13.2
    # via bluerock
pydantic-core==2.46.2
    # via pydantic
pyyaml==6.0.3
    # via bluerock
rapidfuzz==3.14.5
    # via bluerock
requests==2.33.1
    # via bluerock
typing-extensions==4.15.0
    # via
    #   pydantic
    #   pydantic-core
    #   typing-inspection
typing-inspection==0.4.2
    # via pydantic
urllib3==2.6.3
    # via requests
wrapt==2.1.2
    # via bluerock
